Microsoft Visual Studio Solution File, Format Version 11.00
# Visual Studio 2008

Project("{DB12A770-8879-93AD-AD07-C9F643A4DF55}") = "nudge", "Assembly-CSharp.csproj", "{7A92F934-8533-F077-14A5-DAD334A5DE28}"
EndProject
Project("{DB12A770-8879-93AD-AD07-C9F643A4DF55}") = "nudge", "Assembly-CSharp-Editor.csproj", "{97D8B463-7A78-AD52-6F9C-8A1053E71965}"
EndProject
Global
	GlobalSection(SolutionConfigurationPlatforms) = preSolution
		Debug|Any CPU = Debug|Any CPU
		Release|Any CPU = Release|Any CPU
	EndGlobalSection
	GlobalSection(ProjectConfigurationPlatforms) = postSolution
		{7A92F934-8533-F077-14A5-DAD334A5DE28}.Debug|Any CPU.ActiveCfg = Debug|Any CPU
		{7A92F934-8533-F077-14A5-DAD334A5DE28}.Debug|Any CPU.Build.0 = Debug|Any CPU
		{7A92F934-8533-F077-14A5-DAD334A5DE28}.Release|Any CPU.ActiveCfg = Release|Any CPU
		{7A92F934-8533-F077-14A5-DAD334A5DE28}.Release|Any CPU.Build.0 = Release|Any CPU
		{97D8B463-7A78-AD52-6F9C-8A1053E71965}.Debug|Any CPU.ActiveCfg = Debug|Any CPU
		{97D8B463-7A78-AD52-6F9C-8A1053E71965}.Debug|Any CPU.Build.0 = Debug|Any CPU
		{97D8B463-7A78-AD52-6F9C-8A1053E71965}.Release|Any CPU.ActiveCfg = Release|Any CPU
		{97D8B463-7A78-AD52-6F9C-8A1053E71965}.Release|Any CPU.Build.0 = Release|Any CPU
	EndGlobalSection
	GlobalSection(SolutionProperties) = preSolution
		HideSolutionNode = FALSE
	EndGlobalSection
	GlobalSection(MonoDevelopProperties) = preSolution
		StartupItem = Assembly-CSharp.csproj
	EndGlobalSection
EndGlobal
