Microsoft Visual Studio Solution File, Format Version 11.00
# Visual Studio 2008

Project("{BCD792A6-D310-E46C-0AB0-C84BE9D7F3A2}") = "Nudge", "Assembly-CSharp.csproj", "{03CDCFE7-F490-7614-5679-1069D9DAA6E9}"
EndProject
Project("{BCD792A6-D310-E46C-0AB0-C84BE9D7F3A2}") = "Nudge", "Assembly-CSharp-Editor.csproj", "{32B1BAFE-E03A-A825-F290-1F69F2BC9B60}"
EndProject
Global
	GlobalSection(SolutionConfigurationPlatforms) = preSolution
		Debug|Any CPU = Debug|Any CPU
		Release|Any CPU = Release|Any CPU
	EndGlobalSection
	GlobalSection(ProjectConfigurationPlatforms) = postSolution
		{03CDCFE7-F490-7614-5679-1069D9DAA6E9}.Debug|Any CPU.ActiveCfg = Debug|Any CPU
		{03CDCFE7-F490-7614-5679-1069D9DAA6E9}.Debug|Any CPU.Build.0 = Debug|Any CPU
		{03CDCFE7-F490-7614-5679-1069D9DAA6E9}.Release|Any CPU.ActiveCfg = Release|Any CPU
		{03CDCFE7-F490-7614-5679-1069D9DAA6E9}.Release|Any CPU.Build.0 = Release|Any CPU
		{32B1BAFE-E03A-A825-F290-1F69F2BC9B60}.Debug|Any CPU.ActiveCfg = Debug|Any CPU
		{32B1BAFE-E03A-A825-F290-1F69F2BC9B60}.Debug|Any CPU.Build.0 = Debug|Any CPU
		{32B1BAFE-E03A-A825-F290-1F69F2BC9B60}.Release|Any CPU.ActiveCfg = Release|Any CPU
		{32B1BAFE-E03A-A825-F290-1F69F2BC9B60}.Release|Any CPU.Build.0 = Release|Any CPU
	EndGlobalSection
	GlobalSection(SolutionProperties) = preSolution
		HideSolutionNode = FALSE
	EndGlobalSection
	GlobalSection(MonoDevelopProperties) = preSolution
		StartupItem = Assembly-CSharp.csproj
	EndGlobalSection
EndGlobal
